
Microsoft Visual Studio Solution File, Format Version 12.00
# Visual Studio Version 17
VisualStudioVersion = 17.11.35222.181
MinimumVisualStudioVersion = 10.0.40219.1
Project("{FAE04EC0-301F-11D3-BF4B-00C04F79EFBC}") = "CustomDrawDemo", "CustomDrawDemo\CustomDrawDemo.csproj", "{CA8FBB15-B22A-4E88-B2B7-1A692399B2A3}"
EndProject
Global
	GlobalSection(SolutionConfigurationPlatforms) = preSolution
		Debug|Any CPU = Debug|Any CPU
		Release|Any CPU = Release|Any CPU
	EndGlobalSection
	GlobalSection(ProjectConfigurationPlatforms) = postSolution
		{CA8FBB15-B22A-4E88-B2B7-1A692399B2A3}.Debug|Any CPU.ActiveCfg = Debug|Any CPU
		{CA8FBB15-B22A-4E88-B2B7-1A692399B2A3}.Debug|Any CPU.Build.0 = Debug|Any CPU
		{CA8FBB15-B22A-4E88-B2B7-1A692399B2A3}.Release|Any CPU.ActiveCfg = Release|Any CPU
		{CA8FBB15-B22A-4E88-B2B7-1A692399B2A3}.Release|Any CPU.Build.0 = Release|Any CPU
	EndGlobalSection
	GlobalSection(SolutionProperties) = preSolution
		HideSolutionNode = FALSE
	EndGlobalSection
	GlobalSection(ExtensibilityGlobals) = postSolution
		SolutionGuid = {96D7A9CC-9082-4728-A94F-1B74B1764BD0}
	EndGlobalSection
EndGlobal
